
Microsoft Visual Studio Solution File, Format Version 12.00
# Visual Studio 15
VisualStudioVersion = 15.0.27130.2036
MinimumVisualStudioVersion = 10.0.40219.1
Project("{FAE04EC0-301F-11D3-BF4B-00C04F79EFBC}") = "DatabaseLibrary", "DatabaseLibrary\DatabaseLibrary.csproj", "{DF4D6356-C3DE-46A7-B888-6612C41A5359}"
EndProject
Project("{FAE04EC0-301F-11D3-BF4B-00C04F79EFBC}") = "aspnet-mvc-api", "aspnet-mvc-api\aspnet-mvc-api.csproj", "{E06451D7-2DB9-47F8-A83F-3A9817B302C5}"
EndProject
Global
	GlobalSection(SolutionConfigurationPlatforms) = preSolution
		Debug|Any CPU = Debug|Any CPU
		Release|Any CPU = Release|Any CPU
	EndGlobalSection
	GlobalSection(ProjectConfigurationPlatforms) = postSolution
		{DF4D6356-C3DE-46A7-B888-6612C41A5359}.Debug|Any CPU.ActiveCfg = Debug|Any CPU
		{DF4D6356-C3DE-46A7-B888-6612C41A5359}.Debug|Any CPU.Build.0 = Debug|Any CPU
		{DF4D6356-C3DE-46A7-B888-6612C41A5359}.Release|Any CPU.ActiveCfg = Release|Any CPU
		{DF4D6356-C3DE-46A7-B888-6612C41A5359}.Release|Any CPU.Build.0 = Release|Any CPU
		{E06451D7-2DB9-47F8-A83F-3A9817B302C5}.Debug|Any CPU.ActiveCfg = Debug|Any CPU
		{E06451D7-2DB9-47F8-A83F-3A9817B302C5}.Debug|Any CPU.Build.0 = Debug|Any CPU
		{E06451D7-2DB9-47F8-A83F-3A9817B302C5}.Release|Any CPU.ActiveCfg = Release|Any CPU
		{E06451D7-2DB9-47F8-A83F-3A9817B302C5}.Release|Any CPU.Build.0 = Release|Any CPU
	EndGlobalSection
	GlobalSection(SolutionProperties) = preSolution
		HideSolutionNode = FALSE
	EndGlobalSection
	GlobalSection(ExtensibilityGlobals) = postSolution
		SolutionGuid = {39C0FA02-56BF-4EF9-95FF-9D8D0534D361}
	EndGlobalSection
EndGlobal
